
Microsoft Visual Studio Solution File, Format Version 12.00
# Visual Studio Version 17
VisualStudioVersion = 17.10.35004.147
MinimumVisualStudioVersion = 10.0.40219.1
Project("{2150E333-8FDC-42A3-9474-1A3956D46DE8}") = "Creational", "Creational", "{170B289E-2B9A-49F6-9536-42C61846BB59}"
EndProject
Project("{2150E333-8FDC-42A3-9474-1A3956D46DE8}") = "Behavioral", "Behavioral", "{4EB9E0FE-7657-46D1-945B-F1A65F939D10}"
EndProject
Project("{2150E333-8FDC-42A3-9474-1A3956D46DE8}") = "Structural", "Structural", "{0BED0FC4-74AF-499E-9CB2-830C57C7EE5C}"
EndProject
Project("{2150E333-8FDC-42A3-9474-1A3956D46DE8}") = "Builder", "Builder", "{171727AC-B4EA-4D35-96CF-B5355FB9ED55}"
EndProject
Project("{2150E333-8FDC-42A3-9474-1A3956D46DE8}") = "Factory", "Factory", "{755F8E41-B6A1-4DB2-8EC0-5C8E2C286B07}"
EndProject
Project("{2150E333-8FDC-42A3-9474-1A3956D46DE8}") = "Singleton", "Singleton", "{D364D70B-51D8-4AA2-8911-F6279763F38B}"
EndProject
Project("{2150E333-8FDC-42A3-9474-1A3956D46DE8}") = "Prototype", "Prototype", "{D49BED8F-D7AD-43AD-9E27-69C9514CF9B1}"
EndProject
Project("{2150E333-8FDC-42A3-9474-1A3956D46DE8}") = "Abstract_Factory", "Abstract_Factory", "{D0448EE2-1B01-4754-9615-DECE7A42B8F0}"
EndProject
Project("{2150E333-8FDC-42A3-9474-1A3956D46DE8}") = "Proxy", "Proxy", "{B83DC927-787C-44CF-9FB4-B920B2E2EA60}"
EndProject
Project("{2150E333-8FDC-42A3-9474-1A3956D46DE8}") = "Flyweight", "Flyweight", "{7316EFA1-FE76-4795-9296-7D05B86289BD}"
EndProject
Project("{2150E333-8FDC-42A3-9474-1A3956D46DE8}") = "Facade", "Facade", "{035C50A1-2F0C-4982-9934-48DA6A38D00F}"
EndProject
Project("{2150E333-8FDC-42A3-9474-1A3956D46DE8}") = "Decorator", "Decorator", "{91A00214-BDE2-4185-BAFB-87941B0465B7}"
EndProject
Project("{2150E333-8FDC-42A3-9474-1A3956D46DE8}") = "Composite", "Composite", "{371FD264-3D5D-48A2-A14B-299DB1A36BDC}"
EndProject
Project("{2150E333-8FDC-42A3-9474-1A3956D46DE8}") = "Bridge", "Bridge", "{2126BF90-DFEB-4FC0-AA2F-B4F8C2ED62A3}"
EndProject
Project("{2150E333-8FDC-42A3-9474-1A3956D46DE8}") = "Adapter", "Adapter", "{FCD74F86-B2C5-4701-981B-D1A68B5BA6BA}"
EndProject
Project("{2150E333-8FDC-42A3-9474-1A3956D46DE8}") = "Visitor", "Visitor", "{7C8CBCB5-567F-4E44-9F4F-30BE2C3C72E6}"
EndProject
Project("{2150E333-8FDC-42A3-9474-1A3956D46DE8}") = "Template_Method", "Template_Method", "{EEF00060-2EF2-483B-B221-8BEE9901096A}"
EndProject
Project("{2150E333-8FDC-42A3-9474-1A3956D46DE8}") = "Strategy", "Strategy", "{EFB893D3-5F0F-49A3-8197-A36CDFB11575}"
EndProject
Project("{2150E333-8FDC-42A3-9474-1A3956D46DE8}") = "State", "State", "{1B26EE79-9939-4D0E-A63E-A8B7FE3B3D55}"
EndProject
Project("{2150E333-8FDC-42A3-9474-1A3956D46DE8}") = "Observer", "Observer", "{40506F23-47E2-4526-AC9D-F5DE4F70520E}"
EndProject
Project("{2150E333-8FDC-42A3-9474-1A3956D46DE8}") = "Memento", "Memento", "{BDAD256D-506F-46A8-BAA2-E5207E9C90D7}"
EndProject
Project("{2150E333-8FDC-42A3-9474-1A3956D46DE8}") = "Mediator", "Mediator", "{389C36C4-EFCC-495F-9E83-F2D518B78EDE}"
EndProject
Project("{2150E333-8FDC-42A3-9474-1A3956D46DE8}") = "Iterator", "Iterator", "{69E6BB64-3DF7-419F-A8D2-CCDB9BDCF80B}"
EndProject
Project("{2150E333-8FDC-42A3-9474-1A3956D46DE8}") = "Command", "Command", "{4A6926B7-53DC-480E-A482-B0F05F4631A3}"
EndProject
Project("{2150E333-8FDC-42A3-9474-1A3956D46DE8}") = "Chain_Of_Responsibility", "Chain_Of_Responsibility", "{D63C85FA-574D-4433-BB82-AAFA2E8BEEF3}"
EndProject
Project("{FAE04EC0-301F-11D3-BF4B-00C04F79EFBC}") = "001_Builder", "Creational\Builder\001_Builder\001_Builder.csproj", "{2EFD1B30-B732-4F70-87F7-7035C7876B6B}"
EndProject
Project("{FAE04EC0-301F-11D3-BF4B-00C04F79EFBC}") = "001_Abstract_Factory", "Creational\Abstract_Factory\001_Abstract_Factory\001_Abstract_Factory.csproj", "{CF44E05F-CC30-42E5-B5DF-70C188A43E85}"
EndProject
Project("{FAE04EC0-301F-11D3-BF4B-00C04F79EFBC}") = "001_Factory", "Creational\Factory\001_Factory\001_Factory.csproj", "{2A178D2C-A8A5-4060-AD28-2AFE2BF2EF2F}"
EndProject
Project("{FAE04EC0-301F-11D3-BF4B-00C04F79EFBC}") = "001_Prototype", "Creational\Prototype\001_Prototype\001_Prototype.csproj", "{851F4D89-1BD2-4E3A-8524-1869F923C716}"
EndProject
Project("{FAE04EC0-301F-11D3-BF4B-00C04F79EFBC}") = "001_Singleton", "Creational\Singleton\001_Singleton\001_Singleton.csproj", "{8D3EA4B4-1EDC-40F1-B759-F7923193469F}"
EndProject
Project("{FAE04EC0-301F-11D3-BF4B-00C04F79EFBC}") = "001_Adapter", "Structural\Adapter\001_Adapter\001_Adapter.csproj", "{8164A178-8BAE-4D69-8B54-B888C98FEDDC}"
EndProject
Project("{FAE04EC0-301F-11D3-BF4B-00C04F79EFBC}") = "001_Bridge", "Structural\Bridge\001_Bridge\001_Bridge.csproj", "{534D5889-0E19-425C-9408-E2EA67364AE6}"
EndProject
Project("{FAE04EC0-301F-11D3-BF4B-00C04F79EFBC}") = "001_Composite", "Structural\Composite\001_Composite\001_Composite.csproj", "{AD700894-92F5-4811-8F12-A4349AF0FFD8}"
EndProject
Project("{FAE04EC0-301F-11D3-BF4B-00C04F79EFBC}") = "001_Decorator", "Structural\Decorator\001_Decorator\001_Decorator.csproj", "{71E9A5DB-719C-449E-A8EC-291A42A1EE4F}"
EndProject
Project("{FAE04EC0-301F-11D3-BF4B-00C04F79EFBC}") = "001_Facade", "Structural\Facade\001_Facade\001_Facade.csproj", "{705A85A7-BB42-4964-9AF2-C28A4DCC3C25}"
EndProject
Project("{FAE04EC0-301F-11D3-BF4B-00C04F79EFBC}") = "001_Flyweight", "Structural\Flyweight\001_Flyweight\001_Flyweight.csproj", "{7A92D433-2F24-4E94-91F0-7C4935944E90}"
EndProject
Project("{FAE04EC0-301F-11D3-BF4B-00C04F79EFBC}") = "001_Proxy", "Structural\Proxy\001_Proxy\001_Proxy.csproj", "{AAE222F4-66A7-4F54-BCBD-868AB0F38957}"
EndProject
Project("{FAE04EC0-301F-11D3-BF4B-00C04F79EFBC}") = "001_Chain_of_Responsibility", "Behavioral\Chain_Of_Responsibility\001_Chain_of_Responsibility\001_Chain_of_Responsibility.csproj", "{4346D14E-01BD-44A1-B323-D9460353A56E}"
EndProject
Project("{FAE04EC0-301F-11D3-BF4B-00C04F79EFBC}") = "001_Command", "Behavioral\Command\001_Command\001_Command.csproj", "{919F2CA0-5325-4168-A466-16D2E7FD73BF}"
EndProject
Project("{FAE04EC0-301F-11D3-BF4B-00C04F79EFBC}") = "001_Iterator", "Behavioral\Iterator\001_Iterator\001_Iterator.csproj", "{DD81E7D8-0845-43FA-90F3-D6B3A3C50103}"
EndProject
Project("{FAE04EC0-301F-11D3-BF4B-00C04F79EFBC}") = "001_Mediator", "Behavioral\Mediator\001_Mediator\001_Mediator.csproj", "{F73BBFF3-3F68-4E4E-8854-88767BBD0F64}"
EndProject
Project("{FAE04EC0-301F-11D3-BF4B-00C04F79EFBC}") = "001_Memento", "Behavioral\Memento\001_Memento\001_Memento.csproj", "{99B1A8C0-DDE0-4A93-A159-62E4C5985096}"
EndProject
Project("{FAE04EC0-301F-11D3-BF4B-00C04F79EFBC}") = "001_Observer", "Behavioral\Observer\001_Observer\001_Observer.csproj", "{E1D2F927-04BD-4AFE-A1B0-0F7BE532187C}"
EndProject
Project("{FAE04EC0-301F-11D3-BF4B-00C04F79EFBC}") = "001_State", "Behavioral\State\001_State\001_State.csproj", "{073A9250-6BA2-4223-81E9-8BCE5E67B655}"
EndProject
Project("{FAE04EC0-301F-11D3-BF4B-00C04F79EFBC}") = "001_Strategy", "Behavioral\Strategy\001_Strategy\001_Strategy.csproj", "{FF087639-7CE7-4962-AE79-6239193814D4}"
EndProject
Project("{FAE04EC0-301F-11D3-BF4B-00C04F79EFBC}") = "001_Template_Method", "Behavioral\Template_Method\001_Template_Method\001_Template_Method.csproj", "{BB59759F-DCB5-40B2-AF08-2E669EFD9471}"
EndProject
Project("{FAE04EC0-301F-11D3-BF4B-00C04F79EFBC}") = "001_Visitor", "Behavioral\Visitor\001_Visitor\001_Visitor.csproj", "{20844C6B-DF6A-437D-AFE0-E0246F20D51E}"
EndProject
Global
	GlobalSection(SolutionConfigurationPlatforms) = preSolution
		Debug|Any CPU = Debug|Any CPU
		Release|Any CPU = Release|Any CPU
	EndGlobalSection
	GlobalSection(ProjectConfigurationPlatforms) = postSolution
		{2EFD1B30-B732-4F70-87F7-7035C7876B6B}.Debug|Any CPU.ActiveCfg = Debug|Any CPU
		{2EFD1B30-B732-4F70-87F7-7035C7876B6B}.Debug|Any CPU.Build.0 = Debug|Any CPU
		{2EFD1B30-B732-4F70-87F7-7035C7876B6B}.Release|Any CPU.ActiveCfg = Release|Any CPU
		{2EFD1B30-B732-4F70-87F7-7035C7876B6B}.Release|Any CPU.Build.0 = Release|Any CPU
		{CF44E05F-CC30-42E5-B5DF-70C188A43E85}.Debug|Any CPU.ActiveCfg = Debug|Any CPU
		{CF44E05F-CC30-42E5-B5DF-70C188A43E85}.Debug|Any CPU.Build.0 = Debug|Any CPU
		{CF44E05F-CC30-42E5-B5DF-70C188A43E85}.Release|Any CPU.ActiveCfg = Release|Any CPU
		{CF44E05F-CC30-42E5-B5DF-70C188A43E85}.Release|Any CPU.Build.0 = Release|Any CPU
		{2A178D2C-A8A5-4060-AD28-2AFE2BF2EF2F}.Debug|Any CPU.ActiveCfg = Debug|Any CPU
		{2A178D2C-A8A5-4060-AD28-2AFE2BF2EF2F}.Debug|Any CPU.Build.0 = Debug|Any CPU
		{2A178D2C-A8A5-4060-AD28-2AFE2BF2EF2F}.Release|Any CPU.ActiveCfg = Release|Any CPU
		{2A178D2C-A8A5-4060-AD28-2AFE2BF2EF2F}.Release|Any CPU.Build.0 = Release|Any CPU
		{851F4D89-1BD2-4E3A-8524-1869F923C716}.Debug|Any CPU.ActiveCfg = Debug|Any CPU
		{851F4D89-1BD2-4E3A-8524-1869F923C716}.Debug|Any CPU.Build.0 = Debug|Any CPU
		{851F4D89-1BD2-4E3A-8524-1869F923C716}.Release|Any CPU.ActiveCfg = Release|Any CPU
		{851F4D89-1BD2-4E3A-8524-1869F923C716}.Release|Any CPU.Build.0 = Release|Any CPU
		{8D3EA4B4-1EDC-40F1-B759-F7923193469F}.Debug|Any CPU.ActiveCfg = Debug|Any CPU
		{8D3EA4B4-1EDC-40F1-B759-F7923193469F}.Debug|Any CPU.Build.0 = Debug|Any CPU
		{8D3EA4B4-1EDC-40F1-B759-F7923193469F}.Release|Any CPU.ActiveCfg = Release|Any CPU
		{8D3EA4B4-1EDC-40F1-B759-F7923193469F}.Release|Any CPU.Build.0 = Release|Any CPU
		{8164A178-8BAE-4D69-8B54-B888C98FEDDC}.Debug|Any CPU.ActiveCfg = Debug|Any CPU
		{8164A178-8BAE-4D69-8B54-B888C98FEDDC}.Debug|Any CPU.Build.0 = Debug|Any CPU
		{8164A178-8BAE-4D69-8B54-B888C98FEDDC}.Release|Any CPU.ActiveCfg = Release|Any CPU
		{8164A178-8BAE-4D69-8B54-B888C98FEDDC}.Release|Any CPU.Build.0 = Release|Any CPU
		{534D5889-0E19-425C-9408-E2EA67364AE6}.Debug|Any CPU.ActiveCfg = Debug|Any CPU
		{534D5889-0E19-425C-9408-E2EA67364AE6}.Debug|Any CPU.Build.0 = Debug|Any CPU
		{534D5889-0E19-425C-9408-E2EA67364AE6}.Release|Any CPU.ActiveCfg = Release|Any CPU
		{534D5889-0E19-425C-9408-E2EA67364AE6}.Release|Any CPU.Build.0 = Release|Any CPU
		{AD700894-92F5-4811-8F12-A4349AF0FFD8}.Debug|Any CPU.ActiveCfg = Debug|Any CPU
		{AD700894-92F5-4811-8F12-A4349AF0FFD8}.Debug|Any CPU.Build.0 = Debug|Any CPU
		{AD700894-92F5-4811-8F12-A4349AF0FFD8}.Release|Any CPU.ActiveCfg = Release|Any CPU
		{AD700894-92F5-4811-8F12-A4349AF0FFD8}.Release|Any CPU.Build.0 = Release|Any CPU
		{71E9A5DB-719C-449E-A8EC-291A42A1EE4F}.Debug|Any CPU.ActiveCfg = Debug|Any CPU
		{71E9A5DB-719C-449E-A8EC-291A42A1EE4F}.Debug|Any CPU.Build.0 = Debug|Any CPU
		{71E9A5DB-719C-449E-A8EC-291A42A1EE4F}.Release|Any CPU.ActiveCfg = Release|Any CPU
		{71E9A5DB-719C-449E-A8EC-291A42A1EE4F}.Release|Any CPU.Build.0 = Release|Any CPU
		{705A85A7-BB42-4964-9AF2-C28A4DCC3C25}.Debug|Any CPU.ActiveCfg = Debug|Any CPU
		{705A85A7-BB42-4964-9AF2-C28A4DCC3C25}.Debug|Any CPU.Build.0 = Debug|Any CPU
		{705A85A7-BB42-4964-9AF2-C28A4DCC3C25}.Release|Any CPU.ActiveCfg = Release|Any CPU
		{705A85A7-BB42-4964-9AF2-C28A4DCC3C25}.Release|Any CPU.Build.0 = Release|Any CPU
		{7A92D433-2F24-4E94-91F0-7C4935944E90}.Debug|Any CPU.ActiveCfg = Debug|Any CPU
		{7A92D433-2F24-4E94-91F0-7C4935944E90}.Debug|Any CPU.Build.0 = Debug|Any CPU
		{7A92D433-2F24-4E94-91F0-7C4935944E90}.Release|Any CPU.ActiveCfg = Release|Any CPU
		{7A92D433-2F24-4E94-91F0-7C4935944E90}.Release|Any CPU.Build.0 = Release|Any CPU
		{AAE222F4-66A7-4F54-BCBD-868AB0F38957}.Debug|Any CPU.ActiveCfg = Debug|Any CPU
		{AAE222F4-66A7-4F54-BCBD-868AB0F38957}.Debug|Any CPU.Build.0 = Debug|Any CPU
		{AAE222F4-66A7-4F54-BCBD-868AB0F38957}.Release|Any CPU.ActiveCfg = Release|Any CPU
		{AAE222F4-66A7-4F54-BCBD-868AB0F38957}.Release|Any CPU.Build.0 = Release|Any CPU
		{4346D14E-01BD-44A1-B323-D9460353A56E}.Debug|Any CPU.ActiveCfg = Debug|Any CPU
		{4346D14E-01BD-44A1-B323-D9460353A56E}.Debug|Any CPU.Build.0 = Debug|Any CPU
		{4346D14E-01BD-44A1-B323-D9460353A56E}.Release|Any CPU.ActiveCfg = Release|Any CPU
		{4346D14E-01BD-44A1-B323-D9460353A56E}.Release|Any CPU.Build.0 = Release|Any CPU
		{919F2CA0-5325-4168-A466-16D2E7FD73BF}.Debug|Any CPU.ActiveCfg = Debug|Any CPU
		{919F2CA0-5325-4168-A466-16D2E7FD73BF}.Debug|Any CPU.Build.0 = Debug|Any CPU
		{919F2CA0-5325-4168-A466-16D2E7FD73BF}.Release|Any CPU.ActiveCfg = Release|Any CPU
		{919F2CA0-5325-4168-A466-16D2E7FD73BF}.Release|Any CPU.Build.0 = Release|Any CPU
		{DD81E7D8-0845-43FA-90F3-D6B3A3C50103}.Debug|Any CPU.ActiveCfg = Debug|Any CPU
		{DD81E7D8-0845-43FA-90F3-D6B3A3C50103}.Debug|Any CPU.Build.0 = Debug|Any CPU
		{DD81E7D8-0845-43FA-90F3-D6B3A3C50103}.Release|Any CPU.ActiveCfg = Release|Any CPU
		{DD81E7D8-0845-43FA-90F3-D6B3A3C50103}.Release|Any CPU.Build.0 = Release|Any CPU
		{F73BBFF3-3F68-4E4E-8854-88767BBD0F64}.Debug|Any CPU.ActiveCfg = Debug|Any CPU
		{F73BBFF3-3F68-4E4E-8854-88767BBD0F64}.Debug|Any CPU.Build.0 = Debug|Any CPU
		{F73BBFF3-3F68-4E4E-8854-88767BBD0F64}.Release|Any CPU.ActiveCfg = Release|Any CPU
		{F73BBFF3-3F68-4E4E-8854-88767BBD0F64}.Release|Any CPU.Build.0 = Release|Any CPU
		{99B1A8C0-DDE0-4A93-A159-62E4C5985096}.Debug|Any CPU.ActiveCfg = Debug|Any CPU
		{99B1A8C0-DDE0-4A93-A159-62E4C5985096}.Debug|Any CPU.Build.0 = Debug|Any CPU
		{99B1A8C0-DDE0-4A93-A159-62E4C5985096}.Release|Any CPU.ActiveCfg = Release|Any CPU
		{99B1A8C0-DDE0-4A93-A159-62E4C5985096}.Release|Any CPU.Build.0 = Release|Any CPU
		{E1D2F927-04BD-4AFE-A1B0-0F7BE532187C}.Debug|Any CPU.ActiveCfg = Debug|Any CPU
		{E1D2F927-04BD-4AFE-A1B0-0F7BE532187C}.Debug|Any CPU.Build.0 = Debug|Any CPU
		{E1D2F927-04BD-4AFE-A1B0-0F7BE532187C}.Release|Any CPU.ActiveCfg = Release|Any CPU
		{E1D2F927-04BD-4AFE-A1B0-0F7BE532187C}.Release|Any CPU.Build.0 = Release|Any CPU
		{073A9250-6BA2-4223-81E9-8BCE5E67B655}.Debug|Any CPU.ActiveCfg = Debug|Any CPU
		{073A9250-6BA2-4223-81E9-8BCE5E67B655}.Debug|Any CPU.Build.0 = Debug|Any CPU
		{073A9250-6BA2-4223-81E9-8BCE5E67B655}.Release|Any CPU.ActiveCfg = Release|Any CPU
		{073A9250-6BA2-4223-81E9-8BCE5E67B655}.Release|Any CPU.Build.0 = Release|Any CPU
		{FF087639-7CE7-4962-AE79-6239193814D4}.Debug|Any CPU.ActiveCfg = Debug|Any CPU
		{FF087639-7CE7-4962-AE79-6239193814D4}.Debug|Any CPU.Build.0 = Debug|Any CPU
		{FF087639-7CE7-4962-AE79-6239193814D4}.Release|Any CPU.ActiveCfg = Release|Any CPU
		{FF087639-7CE7-4962-AE79-6239193814D4}.Release|Any CPU.Build.0 = Release|Any CPU
		{BB59759F-DCB5-40B2-AF08-2E669EFD9471}.Debug|Any CPU.ActiveCfg = Debug|Any CPU
		{BB59759F-DCB5-40B2-AF08-2E669EFD9471}.Debug|Any CPU.Build.0 = Debug|Any CPU
		{BB59759F-DCB5-40B2-AF08-2E669EFD9471}.Release|Any CPU.ActiveCfg = Release|Any CPU
		{BB59759F-DCB5-40B2-AF08-2E669EFD9471}.Release|Any CPU.Build.0 = Release|Any CPU
		{20844C6B-DF6A-437D-AFE0-E0246F20D51E}.Debug|Any CPU.ActiveCfg = Debug|Any CPU
		{20844C6B-DF6A-437D-AFE0-E0246F20D51E}.Debug|Any CPU.Build.0 = Debug|Any CPU
		{20844C6B-DF6A-437D-AFE0-E0246F20D51E}.Release|Any CPU.ActiveCfg = Release|Any CPU
		{20844C6B-DF6A-437D-AFE0-E0246F20D51E}.Release|Any CPU.Build.0 = Release|Any CPU
	EndGlobalSection
	GlobalSection(SolutionProperties) = preSolution
		HideSolutionNode = FALSE
	EndGlobalSection
	GlobalSection(NestedProjects) = preSolution
		{171727AC-B4EA-4D35-96CF-B5355FB9ED55} = {170B289E-2B9A-49F6-9536-42C61846BB59}
		{755F8E41-B6A1-4DB2-8EC0-5C8E2C286B07} = {170B289E-2B9A-49F6-9536-42C61846BB59}
		{D364D70B-51D8-4AA2-8911-F6279763F38B} = {170B289E-2B9A-49F6-9536-42C61846BB59}
		{D49BED8F-D7AD-43AD-9E27-69C9514CF9B1} = {170B289E-2B9A-49F6-9536-42C61846BB59}
		{D0448EE2-1B01-4754-9615-DECE7A42B8F0} = {170B289E-2B9A-49F6-9536-42C61846BB59}
		{B83DC927-787C-44CF-9FB4-B920B2E2EA60} = {0BED0FC4-74AF-499E-9CB2-830C57C7EE5C}
		{7316EFA1-FE76-4795-9296-7D05B86289BD} = {0BED0FC4-74AF-499E-9CB2-830C57C7EE5C}
		{035C50A1-2F0C-4982-9934-48DA6A38D00F} = {0BED0FC4-74AF-499E-9CB2-830C57C7EE5C}
		{91A00214-BDE2-4185-BAFB-87941B0465B7} = {0BED0FC4-74AF-499E-9CB2-830C57C7EE5C}
		{371FD264-3D5D-48A2-A14B-299DB1A36BDC} = {0BED0FC4-74AF-499E-9CB2-830C57C7EE5C}
		{2126BF90-DFEB-4FC0-AA2F-B4F8C2ED62A3} = {0BED0FC4-74AF-499E-9CB2-830C57C7EE5C}
		{FCD74F86-B2C5-4701-981B-D1A68B5BA6BA} = {0BED0FC4-74AF-499E-9CB2-830C57C7EE5C}
		{7C8CBCB5-567F-4E44-9F4F-30BE2C3C72E6} = {4EB9E0FE-7657-46D1-945B-F1A65F939D10}
		{EEF00060-2EF2-483B-B221-8BEE9901096A} = {4EB9E0FE-7657-46D1-945B-F1A65F939D10}
		{EFB893D3-5F0F-49A3-8197-A36CDFB11575} = {4EB9E0FE-7657-46D1-945B-F1A65F939D10}
		{1B26EE79-9939-4D0E-A63E-A8B7FE3B3D55} = {4EB9E0FE-7657-46D1-945B-F1A65F939D10}
		{40506F23-47E2-4526-AC9D-F5DE4F70520E} = {4EB9E0FE-7657-46D1-945B-F1A65F939D10}
		{BDAD256D-506F-46A8-BAA2-E5207E9C90D7} = {4EB9E0FE-7657-46D1-945B-F1A65F939D10}
		{389C36C4-EFCC-495F-9E83-F2D518B78EDE} = {4EB9E0FE-7657-46D1-945B-F1A65F939D10}
		{69E6BB64-3DF7-419F-A8D2-CCDB9BDCF80B} = {4EB9E0FE-7657-46D1-945B-F1A65F939D10}
		{4A6926B7-53DC-480E-A482-B0F05F4631A3} = {4EB9E0FE-7657-46D1-945B-F1A65F939D10}
		{D63C85FA-574D-4433-BB82-AAFA2E8BEEF3} = {4EB9E0FE-7657-46D1-945B-F1A65F939D10}
		{2EFD1B30-B732-4F70-87F7-7035C7876B6B} = {171727AC-B4EA-4D35-96CF-B5355FB9ED55}
		{CF44E05F-CC30-42E5-B5DF-70C188A43E85} = {D0448EE2-1B01-4754-9615-DECE7A42B8F0}
		{2A178D2C-A8A5-4060-AD28-2AFE2BF2EF2F} = {755F8E41-B6A1-4DB2-8EC0-5C8E2C286B07}
		{851F4D89-1BD2-4E3A-8524-1869F923C716} = {D49BED8F-D7AD-43AD-9E27-69C9514CF9B1}
		{8D3EA4B4-1EDC-40F1-B759-F7923193469F} = {D364D70B-51D8-4AA2-8911-F6279763F38B}
		{8164A178-8BAE-4D69-8B54-B888C98FEDDC} = {FCD74F86-B2C5-4701-981B-D1A68B5BA6BA}
		{534D5889-0E19-425C-9408-E2EA67364AE6} = {2126BF90-DFEB-4FC0-AA2F-B4F8C2ED62A3}
		{AD700894-92F5-4811-8F12-A4349AF0FFD8} = {371FD264-3D5D-48A2-A14B-299DB1A36BDC}
		{71E9A5DB-719C-449E-A8EC-291A42A1EE4F} = {91A00214-BDE2-4185-BAFB-87941B0465B7}
		{705A85A7-BB42-4964-9AF2-C28A4DCC3C25} = {035C50A1-2F0C-4982-9934-48DA6A38D00F}
		{7A92D433-2F24-4E94-91F0-7C4935944E90} = {7316EFA1-FE76-4795-9296-7D05B86289BD}
		{AAE222F4-66A7-4F54-BCBD-868AB0F38957} = {B83DC927-787C-44CF-9FB4-B920B2E2EA60}
		{4346D14E-01BD-44A1-B323-D9460353A56E} = {D63C85FA-574D-4433-BB82-AAFA2E8BEEF3}
		{919F2CA0-5325-4168-A466-16D2E7FD73BF} = {4A6926B7-53DC-480E-A482-B0F05F4631A3}
		{DD81E7D8-0845-43FA-90F3-D6B3A3C50103} = {69E6BB64-3DF7-419F-A8D2-CCDB9BDCF80B}
		{F73BBFF3-3F68-4E4E-8854-88767BBD0F64} = {389C36C4-EFCC-495F-9E83-F2D518B78EDE}
		{99B1A8C0-DDE0-4A93-A159-62E4C5985096} = {BDAD256D-506F-46A8-BAA2-E5207E9C90D7}
		{E1D2F927-04BD-4AFE-A1B0-0F7BE532187C} = {40506F23-47E2-4526-AC9D-F5DE4F70520E}
		{073A9250-6BA2-4223-81E9-8BCE5E67B655} = {1B26EE79-9939-4D0E-A63E-A8B7FE3B3D55}
		{FF087639-7CE7-4962-AE79-6239193814D4} = {EFB893D3-5F0F-49A3-8197-A36CDFB11575}
		{BB59759F-DCB5-40B2-AF08-2E669EFD9471} = {EEF00060-2EF2-483B-B221-8BEE9901096A}
		{20844C6B-DF6A-437D-AFE0-E0246F20D51E} = {7C8CBCB5-567F-4E44-9F4F-30BE2C3C72E6}
	EndGlobalSection
	GlobalSection(ExtensibilityGlobals) = postSolution
		SolutionGuid = {5C801979-153E-43E0-837C-F46A4F646387}
	EndGlobalSection
EndGlobal
